
Microsoft Visual Studio Solution File, Format Version 12.00
# Visual Studio Version 17
VisualStudioVersion = 17.11.35327.3
MinimumVisualStudioVersion = 10.0.40219.1
Project("{FAE04EC0-301F-11D3-BF4B-00C04F79EFBC}") = "code-test-pokedex.server", "code-test-pokedex.server.csproj", "{790C82DA-E232-415D-ADC4-F241C3FDA2CB}"
EndProject
Global
	GlobalSection(SolutionConfigurationPlatforms) = preSolution
		Debug|Any CPU = Debug|Any CPU
		Release|Any CPU = Release|Any CPU
	EndGlobalSection
	GlobalSection(ProjectConfigurationPlatforms) = postSolution
		{790C82DA-E232-415D-ADC4-F241C3FDA2CB}.Debug|Any CPU.ActiveCfg = Debug|Any CPU
		{790C82DA-E232-415D-ADC4-F241C3FDA2CB}.Debug|Any CPU.Build.0 = Debug|Any CPU
		{790C82DA-E232-415D-ADC4-F241C3FDA2CB}.Release|Any CPU.ActiveCfg = Release|Any CPU
		{790C82DA-E232-415D-ADC4-F241C3FDA2CB}.Release|Any CPU.Build.0 = Release|Any CPU
	EndGlobalSection
	GlobalSection(SolutionProperties) = preSolution
		HideSolutionNode = FALSE
	EndGlobalSection
	GlobalSection(ExtensibilityGlobals) = postSolution
		SolutionGuid = {ED8FB370-06D6-47A8-BE76-192F2B5DD7C2}
	EndGlobalSection
EndGlobal
